
Microsoft Visual Studio Solution File, Format Version 12.00
# Visual Studio Version 17
VisualStudioVersion = 17.13.35931.197
MinimumVisualStudioVersion = 10.0.40219.1
Project("{FAE04EC0-301F-11D3-BF4B-00C04F79EFBC}") = "EditorSqLite", "EditorSqLite\EditorSqLite.csproj", "{CC378F68-E5C9-410A-8678-4D25D25AFD7B}"
EndProject
Project("{FAE04EC0-301F-11D3-BF4B-00C04F79EFBC}") = "Database", "Database\Database.csproj", "{BEC4DCE4-56C4-44D4-933C-4C41699BD6A0}"
EndProject
Project("{FAE04EC0-301F-11D3-BF4B-00C04F79EFBC}") = "BLL", "BLL\BLL.csproj", "{D90FE3FC-AE47-43EC-9F10-F56CF6FEA96E}"
EndProject
Global
	GlobalSection(SolutionConfigurationPlatforms) = preSolution
		Debug|Any CPU = Debug|Any CPU
		Release|Any CPU = Release|Any CPU
	EndGlobalSection
	GlobalSection(ProjectConfigurationPlatforms) = postSolution
		{CC378F68-E5C9-410A-8678-4D25D25AFD7B}.Debug|Any CPU.ActiveCfg = Debug|Any CPU
		{CC378F68-E5C9-410A-8678-4D25D25AFD7B}.Debug|Any CPU.Build.0 = Debug|Any CPU
		{CC378F68-E5C9-410A-8678-4D25D25AFD7B}.Release|Any CPU.ActiveCfg = Release|Any CPU
		{CC378F68-E5C9-410A-8678-4D25D25AFD7B}.Release|Any CPU.Build.0 = Release|Any CPU
		{BEC4DCE4-56C4-44D4-933C-4C41699BD6A0}.Debug|Any CPU.ActiveCfg = Debug|Any CPU
		{BEC4DCE4-56C4-44D4-933C-4C41699BD6A0}.Debug|Any CPU.Build.0 = Debug|Any CPU
		{BEC4DCE4-56C4-44D4-933C-4C41699BD6A0}.Release|Any CPU.ActiveCfg = Release|Any CPU
		{BEC4DCE4-56C4-44D4-933C-4C41699BD6A0}.Release|Any CPU.Build.0 = Release|Any CPU
		{D90FE3FC-AE47-43EC-9F10-F56CF6FEA96E}.Debug|Any CPU.ActiveCfg = Debug|Any CPU
		{D90FE3FC-AE47-43EC-9F10-F56CF6FEA96E}.Debug|Any CPU.Build.0 = Debug|Any CPU
		{D90FE3FC-AE47-43EC-9F10-F56CF6FEA96E}.Release|Any CPU.ActiveCfg = Release|Any CPU
		{D90FE3FC-AE47-43EC-9F10-F56CF6FEA96E}.Release|Any CPU.Build.0 = Release|Any CPU
	EndGlobalSection
	GlobalSection(SolutionProperties) = preSolution
		HideSolutionNode = FALSE
	EndGlobalSection
	GlobalSection(ExtensibilityGlobals) = postSolution
		SolutionGuid = {57EC2AAA-1558-4D05-8C28-D0F318B7B84F}
	EndGlobalSection
EndGlobal
